
Microsoft Visual Studio Solution File, Format Version 12.00
# Visual Studio 2012
Project("{FAE04EC0-301F-11D3-BF4B-00C04F79EFBC}") = "Lab1", "Lab1\Lab1.csproj", "{F94ED74F-1062-442A-B269-EC1EBAB0D9DD}"
EndProject
Project("{FAE04EC0-301F-11D3-BF4B-00C04F79EFBC}") = "MatrixLib", "..\Matrix\Matrix\MatrixLib.csproj", "{7C4D8B3C-1381-48AB-BC56-F78B2655F78D}"
EndProject
Global
	GlobalSection(SolutionConfigurationPlatforms) = preSolution
		Debug|Any CPU = Debug|Any CPU
		Debug|Mixed Platforms = Debug|Mixed Platforms
		Debug|x86 = Debug|x86
		Release|Any CPU = Release|Any CPU
		Release|Mixed Platforms = Release|Mixed Platforms
		Release|x86 = Release|x86
	EndGlobalSection
	GlobalSection(ProjectConfigurationPlatforms) = postSolution
		{F94ED74F-1062-442A-B269-EC1EBAB0D9DD}.Debug|Any CPU.ActiveCfg = Debug|Any CPU
		{F94ED74F-1062-442A-B269-EC1EBAB0D9DD}.Debug|Any CPU.Build.0 = Debug|Any CPU
		{F94ED74F-1062-442A-B269-EC1EBAB0D9DD}.Debug|Mixed Platforms.ActiveCfg = Debug|Any CPU
		{F94ED74F-1062-442A-B269-EC1EBAB0D9DD}.Debug|Mixed Platforms.Build.0 = Debug|Any CPU
		{F94ED74F-1062-442A-B269-EC1EBAB0D9DD}.Debug|x86.ActiveCfg = Debug|Any CPU
		{F94ED74F-1062-442A-B269-EC1EBAB0D9DD}.Release|Any CPU.ActiveCfg = Release|Any CPU
		{F94ED74F-1062-442A-B269-EC1EBAB0D9DD}.Release|Any CPU.Build.0 = Release|Any CPU
		{F94ED74F-1062-442A-B269-EC1EBAB0D9DD}.Release|Mixed Platforms.ActiveCfg = Release|Any CPU
		{F94ED74F-1062-442A-B269-EC1EBAB0D9DD}.Release|Mixed Platforms.Build.0 = Release|Any CPU
		{F94ED74F-1062-442A-B269-EC1EBAB0D9DD}.Release|x86.ActiveCfg = Release|Any CPU
		{7C4D8B3C-1381-48AB-BC56-F78B2655F78D}.Debug|Any CPU.ActiveCfg = Debug|Any CPU
		{7C4D8B3C-1381-48AB-BC56-F78B2655F78D}.Debug|Any CPU.Build.0 = Debug|Any CPU
		{7C4D8B3C-1381-48AB-BC56-F78B2655F78D}.Debug|Mixed Platforms.ActiveCfg = Debug|Any CPU
		{7C4D8B3C-1381-48AB-BC56-F78B2655F78D}.Debug|Mixed Platforms.Build.0 = Debug|Any CPU
		{7C4D8B3C-1381-48AB-BC56-F78B2655F78D}.Debug|x86.ActiveCfg = Debug|Any CPU
		{7C4D8B3C-1381-48AB-BC56-F78B2655F78D}.Release|Any CPU.ActiveCfg = Release|Any CPU
		{7C4D8B3C-1381-48AB-BC56-F78B2655F78D}.Release|Any CPU.Build.0 = Release|Any CPU
		{7C4D8B3C-1381-48AB-BC56-F78B2655F78D}.Release|Mixed Platforms.ActiveCfg = Release|Any CPU
		{7C4D8B3C-1381-48AB-BC56-F78B2655F78D}.Release|Mixed Platforms.Build.0 = Release|Any CPU
		{7C4D8B3C-1381-48AB-BC56-F78B2655F78D}.Release|x86.ActiveCfg = Release|Any CPU
	EndGlobalSection
	GlobalSection(SolutionProperties) = preSolution
		HideSolutionNode = FALSE
	EndGlobalSection
EndGlobal
